
Microsoft Visual Studio Solution File, Format Version 12.00
# Visual Studio Version 17
VisualStudioVersion = 17.6.33815.320
MinimumVisualStudioVersion = 10.0.40219.1
Project("{9A19103F-16F7-4668-BE54-9A1E7A4F7556}") = "UserRegistration", "UserRegistration\UserRegistration.csproj", "{6CAFF646-14B5-498C-B5AB-C911EDC36531}"
EndProject
Project("{FAE04EC0-301F-11D3-BF4B-00C04F79EFBC}") = "UserRegistrationMSTest", "UserRegistrationMSTest\UserRegistrationMSTest.csproj", "{566744FE-9D65-419D-AB8A-CEA7F309E583}"
EndProject
Global
	GlobalSection(SolutionConfigurationPlatforms) = preSolution
		Debug|Any CPU = Debug|Any CPU
		Release|Any CPU = Release|Any CPU
	EndGlobalSection
	GlobalSection(ProjectConfigurationPlatforms) = postSolution
		{6CAFF646-14B5-498C-B5AB-C911EDC36531}.Debug|Any CPU.ActiveCfg = Debug|Any CPU
		{6CAFF646-14B5-498C-B5AB-C911EDC36531}.Debug|Any CPU.Build.0 = Debug|Any CPU
		{6CAFF646-14B5-498C-B5AB-C911EDC36531}.Release|Any CPU.ActiveCfg = Release|Any CPU
		{6CAFF646-14B5-498C-B5AB-C911EDC36531}.Release|Any CPU.Build.0 = Release|Any CPU
		{566744FE-9D65-419D-AB8A-CEA7F309E583}.Debug|Any CPU.ActiveCfg = Debug|Any CPU
		{566744FE-9D65-419D-AB8A-CEA7F309E583}.Debug|Any CPU.Build.0 = Debug|Any CPU
		{566744FE-9D65-419D-AB8A-CEA7F309E583}.Release|Any CPU.ActiveCfg = Release|Any CPU
		{566744FE-9D65-419D-AB8A-CEA7F309E583}.Release|Any CPU.Build.0 = Release|Any CPU
	EndGlobalSection
	GlobalSection(SolutionProperties) = preSolution
		HideSolutionNode = FALSE
	EndGlobalSection
	GlobalSection(ExtensibilityGlobals) = postSolution
		SolutionGuid = {9FC56A1E-F380-4FC8-846F-7273EDC2FABB}
	EndGlobalSection
EndGlobal
